
Microsoft Visual Studio Solution File, Format Version 12.00
# Visual Studio Version 17
VisualStudioVersion = 17.4.33403.182
MinimumVisualStudioVersion = 10.0.40219.1
Project("{FAE04EC0-301F-11D3-BF4B-00C04F79EFBC}") = "MyTelegramBot", "MyTelegramBot\MyTelegramBot.csproj", "{9F952105-D240-4FED-9270-AE502DC3E681}"
EndProject
Global
	GlobalSection(SolutionConfigurationPlatforms) = preSolution
		Debug|Any CPU = Debug|Any CPU
		Release|Any CPU = Release|Any CPU
	EndGlobalSection
	GlobalSection(ProjectConfigurationPlatforms) = postSolution
		{9F952105-D240-4FED-9270-AE502DC3E681}.Debug|Any CPU.ActiveCfg = Debug|Any CPU
		{9F952105-D240-4FED-9270-AE502DC3E681}.Debug|Any CPU.Build.0 = Debug|Any CPU
		{9F952105-D240-4FED-9270-AE502DC3E681}.Release|Any CPU.ActiveCfg = Release|Any CPU
		{9F952105-D240-4FED-9270-AE502DC3E681}.Release|Any CPU.Build.0 = Release|Any CPU
	EndGlobalSection
	GlobalSection(SolutionProperties) = preSolution
		HideSolutionNode = FALSE
	EndGlobalSection
	GlobalSection(ExtensibilityGlobals) = postSolution
		SolutionGuid = {A61700E8-C96D-42D6-BD2A-235A3349C7B5}
	EndGlobalSection
EndGlobal
